// !$*UTF8*$!
{
	archiveVersion = 1;
	classes = {
	};
	objectVersion = 55;
	objects = {

/* Begin PBXBuildFile section */
		54014F8D27E13367008E5847 /* Book.swift in Sources */ = {isa = PBXBuildFile; fileRef = 54014F8C27E13367008E5847 /* Book.swift */; };
		54014F9227E13551008E5847 /* NetworkService.swift in Sources */ = {isa = PBXBuildFile; fileRef = 54014F9127E13551008E5847 /* NetworkService.swift */; };
		54014F9727E1FBDD008E5847 /* ConstantsAPI.swift in Sources */ = {isa = PBXBuildFile; fileRef = 54014F9627E1FBDD008E5847 /* ConstantsAPI.swift */; };
		54014F9927E20693008E5847 /* Dictionary.swift in Sources */ = {isa = PBXBuildFile; fileRef = 54014F9827E20693008E5847 /* Dictionary.swift */; };
		54014F9C27E211B9008E5847 /* SearchTableViewCell.swift in Sources */ = {isa = PBXBuildFile; fileRef = 54014F9B27E211B9008E5847 /* SearchTableViewCell.swift */; };
		5452BDC827E12674001D6401 /* AppDelegate.swift in Sources */ = {isa = PBXBuildFile; fileRef = 5452BDC727E12674001D6401 /* AppDelegate.swift */; };
		5452BDCA27E12674001D6401 /* SceneDelegate.swift in Sources */ = {isa = PBXBuildFile; fileRef = 5452BDC927E12674001D6401 /* SceneDelegate.swift */; };
		5452BDCF27E12674001D6401 /* Main.storyboard in Resources */ = {isa = PBXBuildFile; fileRef = 5452BDCD27E12674001D6401 /* Main.storyboard */; };
		5452BDD127E12675001D6401 /* Assets.xcassets in Resources */ = {isa = PBXBuildFile; fileRef = 5452BDD027E12675001D6401 /* Assets.xcassets */; };
		5452BDD427E12675001D6401 /* LaunchScreen.storyboard in Resources */ = {isa = PBXBuildFile; fileRef = 5452BDD227E12675001D6401 /* LaunchScreen.storyboard */; };
		5452BDDF27E12675001D6401 /* Book_SearcherTests.swift in Sources */ = {isa = PBXBuildFile; fileRef = 5452BDDE27E12675001D6401 /* Book_SearcherTests.swift */; };
		5452BDE927E12675001D6401 /* Book_SearcherUITests.swift in Sources */ = {isa = PBXBuildFile; fileRef = 5452BDE827E12675001D6401 /* Book_SearcherUITests.swift */; };
		5452BDEB27E12675001D6401 /* Book_SearcherUITestsLaunchTests.swift in Sources */ = {isa = PBXBuildFile; fileRef = 5452BDEA27E12675001D6401 /* Book_SearcherUITestsLaunchTests.swift */; };
		5452BE0027E1279F001D6401 /* SearchViewController.swift in Sources */ = {isa = PBXBuildFile; fileRef = 5452BDFF27E1279F001D6401 /* SearchViewController.swift */; };
		5452BE0227E12A84001D6401 /* BookDetailsViewController.swift in Sources */ = {isa = PBXBuildFile; fileRef = 5452BE0127E12A84001D6401 /* BookDetailsViewController.swift */; };
		5452BE0427E12E3A001D6401 /* SearchViewModel.swift in Sources */ = {isa = PBXBuildFile; fileRef = 5452BE0327E12E3A001D6401 /* SearchViewModel.swift */; };
		5452BE0627E12FA3001D6401 /* String.swift in Sources */ = {isa = PBXBuildFile; fileRef = 5452BE0527E12FA3001D6401 /* String.swift */; };
/* End PBXBuildFile section */

/* Begin PBXContainerItemProxy section */
		5452BDDB27E12675001D6401 /* PBXContainerItemProxy */ = {
			isa = PBXContainerItemProxy;
			containerPortal = 5452BDBC27E12673001D6401 /* Project object */;
			proxyType = 1;
			remoteGlobalIDString = 5452BDC327E12674001D6401;
			remoteInfo = "Book Searcher";
		};
		5452BDE527E12675001D6401 /* PBXContainerItemProxy */ = {
			isa = PBXContainerItemProxy;
			containerPortal = 5452BDBC27E12673001D6401 /* Project object */;
			proxyType = 1;
			remoteGlobalIDString = 5452BDC327E12674001D6401;
			remoteInfo = "Book Searcher";
		};
/* End PBXContainerItemProxy section */

/* Begin PBXFileReference section */
		54014F8C27E13367008E5847 /* Book.swift */ = {isa = PBXFileReference; lastKnownFileType = sourcecode.swift; path = Book.swift; sourceTree = "<group>"; };
		54014F9127E13551008E5847 /* NetworkService.swift */ = {isa = PBXFileReference; lastKnownFileType = sourcecode.swift; path = NetworkService.swift; sourceTree = "<group>"; };
		54014F9627E1FBDD008E5847 /* ConstantsAPI.swift */ = {isa = PBXFileReference; lastKnownFileType = sourcecode.swift; path = ConstantsAPI.swift; sourceTree = "<group>"; };
		54014F9827E20693008E5847 /* Dictionary.swift */ = {isa = PBXFileReference; lastKnownFileType = sourcecode.swift; path = Dictionary.swift; sourceTree = "<group>"; };
		54014F9B27E211B9008E5847 /* SearchTableViewCell.swift */ = {isa = PBXFileReference; lastKnownFileType = sourcecode.swift; path = SearchTableViewCell.swift; sourceTree = "<group>"; };
		5452BDC427E12674001D6401 /* Book Searcher.app */ = {isa = PBXFileReference; explicitFileType = wrapper.application; includeInIndex = 0; path = "Book Searcher.app"; sourceTree = BUILT_PRODUCTS_DIR; };
		5452BDC727E12674001D6401 /* AppDelegate.swift */ = {isa = PBXFileReference; lastKnownFileType = sourcecode.swift; path = AppDelegate.swift; sourceTree = "<group>"; };
		5452BDC927E12674001D6401 /* SceneDelegate.swift */ = {isa = PBXFileReference; lastKnownFileType = sourcecode.swift; path = SceneDelegate.swift; sourceTree = "<group>"; };
		5452BDCE27E12674001D6401 /* Base */ = {isa = PBXFileReference; lastKnownFileType = file.storyboard; name = Base; path = Base.lproj/Main.storyboard; sourceTree = "<group>"; };
		5452BDD027E12675001D6401 /* Assets.xcassets */ = {isa = PBXFileReference; lastKnownFileType = folder.assetcatalog; path = Assets.xcassets; sourceTree = "<group>"; };
		5452BDD327E12675001D6401 /* Base */ = {isa = PBXFileReference; lastKnownFileType = file.storyboard; name = Base; path = Base.lproj/LaunchScreen.storyboard; sourceTree = "<group>"; };
		5452BDD527E12675001D6401 /* Info.plist */ = {isa = PBXFileReference; lastKnownFileType = text.plist.xml; path = Info.plist; sourceTree = "<group>"; };
		5452BDDA27E12675001D6401 /* Book SearcherTests.xctest */ = {isa = PBXFileReference; explicitFileType = wrapper.cfbundle; includeInIndex = 0; path = "Book SearcherTests.xctest"; sourceTree = BUILT_PRODUCTS_DIR; };
		5452BDDE27E12675001D6401 /* Book_SearcherTests.swift */ = {isa = PBXFileReference; lastKnownFileType = sourcecode.swift; path = Book_SearcherTests.swift; sourceTree = "<group>"; };
		5452BDE427E12675001D6401 /* Book SearcherUITests.xctest */ = {isa = PBXFileReference; explicitFileType = wrapper.cfbundle; includeInIndex = 0; path = "Book SearcherUITests.xctest"; sourceTree = BUILT_PRODUCTS_DIR; };
		5452BDE827E12675001D6401 /* Book_SearcherUITests.swift */ = {isa = PBXFileReference; lastKnownFileType = sourcecode.swift; path = Book_SearcherUITests.swift; sourceTree = "<group>"; };
		5452BDEA27E12675001D6401 /* Book_SearcherUITestsLaunchTests.swift */ = {isa = PBXFileReference; lastKnownFileType = sourcecode.swift; path = Book_SearcherUITestsLaunchTests.swift; sourceTree = "<group>"; };
		5452BDFF27E1279F001D6401 /* SearchViewController.swift */ = {isa = PBXFileReference; lastKnownFileType = sourcecode.swift; path = SearchViewController.swift; sourceTree = "<group>"; };
		5452BE0127E12A84001D6401 /* BookDetailsViewController.swift */ = {isa = PBXFileReference; lastKnownFileType = sourcecode.swift; path = BookDetailsViewController.swift; sourceTree = "<group>"; };
		5452BE0327E12E3A001D6401 /* SearchViewModel.swift */ = {isa = PBXFileReference; lastKnownFileType = sourcecode.swift; path = SearchViewModel.swift; sourceTree = "<group>"; };
		5452BE0527E12FA3001D6401 /* String.swift */ = {isa = PBXFileReference; lastKnownFileType = sourcecode.swift; path = String.swift; sourceTree = "<group>"; };
/* End PBXFileReference section */

/* Begin PBXFrameworksBuildPhase section */
		5452BDC127E12674001D6401 /* Frameworks */ = {
			isa = PBXFrameworksBuildPhase;
			buildActionMask = 2147483647;
			files = (
			);
			runOnlyForDeploymentPostprocessing = 0;
		};
		5452BDD727E12675001D6401 /* Frameworks */ = {
			isa = PBXFrameworksBuildPhase;
			buildActionMask = 2147483647;
			files = (
			);
			runOnlyForDeploymentPostprocessing = 0;
		};
		5452BDE127E12675001D6401 /* Frameworks */ = {
			isa = PBXFrameworksBuildPhase;
			buildActionMask = 2147483647;
			files = (
			);
			runOnlyForDeploymentPostprocessing = 0;
		};
/* End PBXFrameworksBuildPhase section */

/* Begin PBXGroup section */
		54014F8B27E1335A008E5847 /* Entity */ = {
			isa = PBXGroup;
			children = (
				54014F8C27E13367008E5847 /* Book.swift */,
			);
			path = Entity;
			sourceTree = "<group>";
		};
		54014F9027E13544008E5847 /* Services */ = {
			isa = PBXGroup;
			children = (
				54014F9127E13551008E5847 /* NetworkService.swift */,
			);
			path = Services;
			sourceTree = "<group>";
		};
		54014F9A27E211A6008E5847 /* Views */ = {
			isa = PBXGroup;
			children = (
				54014F9B27E211B9008E5847 /* SearchTableViewCell.swift */,
			);
			path = Views;
			sourceTree = "<group>";
		};
		5452BDBB27E12673001D6401 = {
			isa = PBXGroup;
			children = (
				5452BDC627E12674001D6401 /* Book Searcher */,
				5452BDDD27E12675001D6401 /* Book SearcherTests */,
				5452BDE727E12675001D6401 /* Book SearcherUITests */,
				5452BDC527E12674001D6401 /* Products */,
			);
			sourceTree = "<group>";
		};
		5452BDC527E12674001D6401 /* Products */ = {
			isa = PBXGroup;
			children = (
				5452BDC427E12674001D6401 /* Book Searcher.app */,
				5452BDDA27E12675001D6401 /* Book SearcherTests.xctest */,
				5452BDE427E12675001D6401 /* Book SearcherUITests.xctest */,
			);
			name = Products;
			sourceTree = "<group>";
		};
		5452BDC627E12674001D6401 /* Book Searcher */ = {
			isa = PBXGroup;
			children = (
				5452BDF727E1272F001D6401 /* Modules */,
				5452BDFA27E12743001D6401 /* Application */,
				5452BDFC27E12773001D6401 /* Utils */,
				5452BDFB27E1274D001D6401 /* Resources */,
			);
			path = "Book Searcher";
			sourceTree = "<group>";
		};
		5452BDDD27E12675001D6401 /* Book SearcherTests */ = {
			isa = PBXGroup;
			children = (
				5452BDDE27E12675001D6401 /* Book_SearcherTests.swift */,
			);
			path = "Book SearcherTests";
			sourceTree = "<group>";
		};
		5452BDE727E12675001D6401 /* Book SearcherUITests */ = {
			isa = PBXGroup;
			children = (
				5452BDE827E12675001D6401 /* Book_SearcherUITests.swift */,
				5452BDEA27E12675001D6401 /* Book_SearcherUITestsLaunchTests.swift */,
			);
			path = "Book SearcherUITests";
			sourceTree = "<group>";
		};
		5452BDF727E1272F001D6401 /* Modules */ = {
			isa = PBXGroup;
			children = (
				5452BDF927E12739001D6401 /* Model */,
				5452BDF827E12735001D6401 /* UI */,
			);
			path = Modules;
			sourceTree = "<group>";
		};
		5452BDF827E12735001D6401 /* UI */ = {
			isa = PBXGroup;
			children = (
				5452BDFD27E1277F001D6401 /* Search */,
				5452BDFE27E1278D001D6401 /* BookDetails */,
			);
			path = UI;
			sourceTree = "<group>";
		};
		5452BDF927E12739001D6401 /* Model */ = {
			isa = PBXGroup;
			children = (
				54014F9027E13544008E5847 /* Services */,
				54014F8B27E1335A008E5847 /* Entity */,
			);
			path = Model;
			sourceTree = "<group>";
		};
		5452BDFA27E12743001D6401 /* Application */ = {
			isa = PBXGroup;
			children = (
				5452BDC727E12674001D6401 /* AppDelegate.swift */,
				5452BDC927E12674001D6401 /* SceneDelegate.swift */,
			);
			path = Application;
			sourceTree = "<group>";
		};
		5452BDFB27E1274D001D6401 /* Resources */ = {
			isa = PBXGroup;
			children = (
				5452BDCD27E12674001D6401 /* Main.storyboard */,
				5452BDD027E12675001D6401 /* Assets.xcassets */,
				5452BDD227E12675001D6401 /* LaunchScreen.storyboard */,
				5452BDD527E12675001D6401 /* Info.plist */,
			);
			path = Resources;
			sourceTree = "<group>";
		};
		5452BDFC27E12773001D6401 /* Utils */ = {
			isa = PBXGroup;
			children = (
				5452BE0527E12FA3001D6401 /* String.swift */,
				54014F9627E1FBDD008E5847 /* ConstantsAPI.swift */,
				54014F9827E20693008E5847 /* Dictionary.swift */,
			);
			path = Utils;
			sourceTree = "<group>";
		};
		5452BDFD27E1277F001D6401 /* Search */ = {
			isa = PBXGroup;
			children = (
				54014F9A27E211A6008E5847 /* Views */,
				5452BDFF27E1279F001D6401 /* SearchViewController.swift */,
				5452BE0327E12E3A001D6401 /* SearchViewModel.swift */,
			);
			path = Search;
			sourceTree = "<group>";
		};
		5452BDFE27E1278D001D6401 /* BookDetails */ = {
			isa = PBXGroup;
			children = (
				5452BE0127E12A84001D6401 /* BookDetailsViewController.swift */,
			);
			path = BookDetails;
			sourceTree = "<group>";
		};
/* End PBXGroup section */

/* Begin PBXNativeTarget section */
		5452BDC327E12674001D6401 /* Book Searcher */ = {
			isa = PBXNativeTarget;
			buildConfigurationList = 5452BDEE27E12675001D6401 /* Build configuration list for PBXNativeTarget "Book Searcher" */;
			buildPhases = (
				5452BDC027E12674001D6401 /* Sources */,
				5452BDC127E12674001D6401 /* Frameworks */,
				5452BDC227E12674001D6401 /* Resources */,
			);
			buildRules = (
			);
			dependencies = (
			);
			name = "Book Searcher";
			productName = "Book Searcher";
			productReference = 5452BDC427E12674001D6401 /* Book Searcher.app */;
			productType = "com.apple.product-type.application";
		};
		5452BDD927E12675001D6401 /* Book SearcherTests */ = {
			isa = PBXNativeTarget;
			buildConfigurationList = 5452BDF127E12675001D6401 /* Build configuration list for PBXNativeTarget "Book SearcherTests" */;
			buildPhases = (
				5452BDD627E12675001D6401 /* Sources */,
				5452BDD727E12675001D6401 /* Frameworks */,
				5452BDD827E12675001D6401 /* Resources */,
			);
			buildRules = (
			);
			dependencies = (
				5452BDDC27E12675001D6401 /* PBXTargetDependency */,
			);
			name = "Book SearcherTests";
			productName = "Book SearcherTests";
			productReference = 5452BDDA27E12675001D6401 /* Book SearcherTests.xctest */;
			productType = "com.apple.product-type.bundle.unit-test";
		};
		5452BDE327E12675001D6401 /* Book SearcherUITests */ = {
			isa = PBXNativeTarget;
			buildConfigurationList = 5452BDF427E12675001D6401 /* Build configuration list for PBXNativeTarget "Book SearcherUITests" */;
			buildPhases = (
				5452BDE027E12675001D6401 /* Sources */,
				5452BDE127E12675001D6401 /* Frameworks */,
				5452BDE227E12675001D6401 /* Resources */,
			);
			buildRules = (
			);
			dependencies = (
				5452BDE627E12675001D6401 /* PBXTargetDependency */,
			);
			name = "Book SearcherUITests";
			productName = "Book SearcherUITests";
			productReference = 5452BDE427E12675001D6401 /* Book SearcherUITests.xctest */;
			productType = "com.apple.product-type.bundle.ui-testing";
		};
/* End PBXNativeTarget section */

/* Begin PBXProject section */
		5452BDBC27E12673001D6401 /* Project object */ = {
			isa = PBXProject;
			attributes = {
				BuildIndependentTargetsInParallel = 1;
				LastSwiftUpdateCheck = 1300;
				LastUpgradeCheck = 1300;
				TargetAttributes = {
					5452BDC327E12674001D6401 = {
						CreatedOnToolsVersion = 13.0;
					};
					5452BDD927E12675001D6401 = {
						CreatedOnToolsVersion = 13.0;
						TestTargetID = 5452BDC327E12674001D6401;
					};
					5452BDE327E12675001D6401 = {
						CreatedOnToolsVersion = 13.0;
						TestTargetID = 5452BDC327E12674001D6401;
					};
				};
			};
			buildConfigurationList = 5452BDBF27E12673001D6401 /* Build configuration list for PBXProject "Book Searcher" */;
			compatibilityVersion = "Xcode 13.0";
			developmentRegion = en;
			hasScannedForEncodings = 0;
			knownRegions = (
				en,
				Base,
			);
			mainGroup = 5452BDBB27E12673001D6401;
			productRefGroup = 5452BDC527E12674001D6401 /* Products */;
			projectDirPath = "";
			projectRoot = "";
			targets = (
				5452BDC327E12674001D6401 /* Book Searcher */,
				5452BDD927E12675001D6401 /* Book SearcherTests */,
				5452BDE327E12675001D6401 /* Book SearcherUITests */,
			);
		};
/* End PBXProject section */

/* Begin PBXResourcesBuildPhase section */
		5452BDC227E12674001D6401 /* Resources */ = {
			isa = PBXResourcesBuildPhase;
			buildActionMask = 2147483647;
			files = (
				5452BDD427E12675001D6401 /* LaunchScreen.storyboard in Resources */,
				5452BDD127E12675001D6401 /* Assets.xcassets in Resources */,
				5452BDCF27E12674001D6401 /* Main.storyboard in Resources */,
			);
			runOnlyForDeploymentPostprocessing = 0;
		};
		5452BDD827E12675001D6401 /* Resources */ = {
			isa = PBXResourcesBuildPhase;
			buildActionMask = 2147483647;
			files = (
			);
			runOnlyForDeploymentPostprocessing = 0;
		};
		5452BDE227E12675001D6401 /* Resources */ = {
			isa = PBXResourcesBuildPhase;
			buildActionMask = 2147483647;
			files = (
			);
			runOnlyForDeploymentPostprocessing = 0;
		};
/* End PBXResourcesBuildPhase section */

/* Begin PBXSourcesBuildPhase section */
		5452BDC027E12674001D6401 /* Sources */ = {
			isa = PBXSourcesBuildPhase;
			buildActionMask = 2147483647;
			files = (
				54014F9227E13551008E5847 /* NetworkService.swift in Sources */,
				5452BE0627E12FA3001D6401 /* String.swift in Sources */,
				5452BDC827E12674001D6401 /* AppDelegate.swift in Sources */,
				54014F8D27E13367008E5847 /* Book.swift in Sources */,
				54014F9927E20693008E5847 /* Dictionary.swift in Sources */,
				54014F9727E1FBDD008E5847 /* ConstantsAPI.swift in Sources */,
				5452BE0427E12E3A001D6401 /* SearchViewModel.swift in Sources */,
				5452BDCA27E12674001D6401 /* SceneDelegate.swift in Sources */,
				5452BE0227E12A84001D6401 /* BookDetailsViewController.swift in Sources */,
				54014F9C27E211B9008E5847 /* SearchTableViewCell.swift in Sources */,
				5452BE0027E1279F001D6401 /* SearchViewController.swift in Sources */,
			);
			runOnlyForDeploymentPostprocessing = 0;
		};
		5452BDD627E12675001D6401 /* Sources */ = {
			isa = PBXSourcesBuildPhase;
			buildActionMask = 2147483647;
			files = (
				5452BDDF27E12675001D6401 /* Book_SearcherTests.swift in Sources */,
			);
			runOnlyForDeploymentPostprocessing = 0;
		};
		5452BDE027E12675001D6401 /* Sources */ = {
			isa = PBXSourcesBuildPhase;
			buildActionMask = 2147483647;
			files = (
				5452BDEB27E12675001D6401 /* Book_SearcherUITestsLaunchTests.swift in Sources */,
				5452BDE927E12675001D6401 /* Book_SearcherUITests.swift in Sources */,
			);
			runOnlyForDeploymentPostprocessing = 0;
		};
/* End PBXSourcesBuildPhase section */

/* Begin PBXTargetDependency section */
		5452BDDC27E12675001D6401 /* PBXTargetDependency */ = {
			isa = PBXTargetDependency;
			target = 5452BDC327E12674001D6401 /* Book Searcher */;
			targetProxy = 5452BDDB27E12675001D6401 /* PBXContainerItemProxy */;
		};
		5452BDE627E12675001D6401 /* PBXTargetDependency */ = {
			isa = PBXTargetDependency;
			target = 5452BDC327E12674001D6401 /* Book Searcher */;
			targetProxy = 5452BDE527E12675001D6401 /* PBXContainerItemProxy */;
		};
/* End PBXTargetDependency section */

/* Begin PBXVariantGroup section */
		5452BDCD27E12674001D6401 /* Main.storyboard */ = {
			isa = PBXVariantGroup;
			children = (
				5452BDCE27E12674001D6401 /* Base */,
			);
			name = Main.storyboard;
			sourceTree = "<group>";
		};
		5452BDD227E12675001D6401 /* LaunchScreen.storyboard */ = {
			isa = PBXVariantGroup;
			children = (
				5452BDD327E12675001D6401 /* Base */,
			);
			name = LaunchScreen.storyboard;
			sourceTree = "<group>";
		};
/* End PBXVariantGroup section */

/* Begin XCBuildConfiguration section */
		5452BDEC27E12675001D6401 /* Debug */ = {
			isa = XCBuildConfiguration;
			buildSettings = {
				ALWAYS_SEARCH_USER_PATHS = NO;
				CLANG_ANALYZER_NONNULL = YES;
				CLANG_ANALYZER_NUMBER_OBJECT_CONVERSION = YES_AGGRESSIVE;
				CLANG_CXX_LANGUAGE_STANDARD = "gnu++17";
				CLANG_CXX_LIBRARY = "libc++";
				CLANG_ENABLE_MODULES = YES;
				CLANG_ENABLE_OBJC_ARC = YES;
				CLANG_ENABLE_OBJC_WEAK = YES;
				CLANG_WARN_BLOCK_CAPTURE_AUTORELEASING = YES;
				CLANG_WARN_BOOL_CONVERSION = YES;
				CLANG_WARN_COMMA = YES;
				CLANG_WARN_CONSTANT_CONVERSION = YES;
				CLANG_WARN_DEPRECATED_OBJC_IMPLEMENTATIONS = YES;
				CLANG_WARN_DIRECT_OBJC_ISA_USAGE = YES_ERROR;
				CLANG_WARN_DOCUMENTATION_COMMENTS = YES;
				CLANG_WARN_EMPTY_BODY = YES;
				CLANG_WARN_ENUM_CONVERSION = YES;
				CLANG_WARN_INFINITE_RECURSION = YES;
				CLANG_WARN_INT_CONVERSION = YES;
				CLANG_WARN_NON_LITERAL_NULL_CONVERSION = YES;
				CLANG_WARN_OBJC_IMPLICIT_RETAIN_SELF = YES;
				CLANG_WARN_OBJC_LITERAL_CONVERSION = YES;
				CLANG_WARN_OBJC_ROOT_CLASS = YES_ERROR;
				CLANG_WARN_QUOTED_INCLUDE_IN_FRAMEWORK_HEADER = YES;
				CLANG_WARN_RANGE_LOOP_ANALYSIS = YES;
				CLANG_WARN_STRICT_PROTOTYPES = YES;
				CLANG_WARN_SUSPICIOUS_MOVE = YES;
				CLANG_WARN_UNGUARDED_AVAILABILITY = YES_AGGRESSIVE;
				CLANG_WARN_UNREACHABLE_CODE = YES;
				CLANG_WARN__DUPLICATE_METHOD_MATCH = YES;
				COPY_PHASE_STRIP = NO;
				DEBUG_INFORMATION_FORMAT = dwarf;
				ENABLE_STRICT_OBJC_MSGSEND = YES;
				ENABLE_TESTABILITY = YES;
				GCC_C_LANGUAGE_STANDARD = gnu11;
				GCC_DYNAMIC_NO_PIC = NO;
				GCC_NO_COMMON_BLOCKS = YES;
				GCC_OPTIMIZATION_LEVEL = 0;
				GCC_PREPROCESSOR_DEFINITIONS = (
					"DEBUG=1",
					"$(inherited)",
				);
				GCC_WARN_64_TO_32_BIT_CONVERSION = YES;
				GCC_WARN_ABOUT_RETURN_TYPE = YES_ERROR;
				GCC_WARN_UNDECLARED_SELECTOR = YES;
				GCC_WARN_UNINITIALIZED_AUTOS = YES_AGGRESSIVE;
				GCC_WARN_UNUSED_FUNCTION = YES;
				GCC_WARN_UNUSED_VARIABLE = YES;
				IPHONEOS_DEPLOYMENT_TARGET = 15.0;
				MTL_ENABLE_DEBUG_INFO = INCLUDE_SOURCE;
				MTL_FAST_MATH = YES;
				ONLY_ACTIVE_ARCH = YES;
				SDKROOT = iphoneos;
				SWIFT_ACTIVE_COMPILATION_CONDITIONS = DEBUG;
				SWIFT_OPTIMIZATION_LEVEL = "-Onone";
			};
			name = Debug;
		};
		5452BDED27E12675001D6401 /* Release */ = {
			isa = XCBuildConfiguration;
			buildSettings = {
				ALWAYS_SEARCH_USER_PATHS = NO;
				CLANG_ANALYZER_NONNULL = YES;
				CLANG_ANALYZER_NUMBER_OBJECT_CONVERSION = YES_AGGRESSIVE;
				CLANG_CXX_LANGUAGE_STANDARD = "gnu++17";
				CLANG_CXX_LIBRARY = "libc++";
				CLANG_ENABLE_MODULES = YES;
				CLANG_ENABLE_OBJC_ARC = YES;
				CLANG_ENABLE_OBJC_WEAK = YES;
				CLANG_WARN_BLOCK_CAPTURE_AUTORELEASING = YES;
				CLANG_WARN_BOOL_CONVERSION = YES;
				CLANG_WARN_COMMA = YES;
				CLANG_WARN_CONSTANT_CONVERSION = YES;
				CLANG_WARN_DEPRECATED_OBJC_IMPLEMENTATIONS = YES;
				CLANG_WARN_DIRECT_OBJC_ISA_USAGE = YES_ERROR;
				CLANG_WARN_DOCUMENTATION_COMMENTS = YES;
				CLANG_WARN_EMPTY_BODY = YES;
				CLANG_WARN_ENUM_CONVERSION = YES;
				CLANG_WARN_INFINITE_RECURSION = YES;
				CLANG_WARN_INT_CONVERSION = YES;
				CLANG_WARN_NON_LITERAL_NULL_CONVERSION = YES;
				CLANG_WARN_OBJC_IMPLICIT_RETAIN_SELF = YES;
				CLANG_WARN_OBJC_LITERAL_CONVERSION = YES;
				CLANG_WARN_OBJC_ROOT_CLASS = YES_ERROR;
				CLANG_WARN_QUOTED_INCLUDE_IN_FRAMEWORK_HEADER = YES;
				CLANG_WARN_RANGE_LOOP_ANALYSIS = YES;
				CLANG_WARN_STRICT_PROTOTYPES = YES;
				CLANG_WARN_SUSPICIOUS_MOVE = YES;
				CLANG_WARN_UNGUARDED_AVAILABILITY = YES_AGGRESSIVE;
				CLANG_WARN_UNREACHABLE_CODE = YES;
				CLANG_WARN__DUPLICATE_METHOD_MATCH = YES;
				COPY_PHASE_STRIP = NO;
				DEBUG_INFORMATION_FORMAT = "dwarf-with-dsym";
				ENABLE_NS_ASSERTIONS = NO;
				ENABLE_STRICT_OBJC_MSGSEND = YES;
				GCC_C_LANGUAGE_STANDARD = gnu11;
				GCC_NO_COMMON_BLOCKS = YES;
				GCC_WARN_64_TO_32_BIT_CONVERSION = YES;
				GCC_WARN_ABOUT_RETURN_TYPE = YES_ERROR;
				GCC_WARN_UNDECLARED_SELECTOR = YES;
				GCC_WARN_UNINITIALIZED_AUTOS = YES_AGGRESSIVE;
				GCC_WARN_UNUSED_FUNCTION = YES;
				GCC_WARN_UNUSED_VARIABLE = YES;
				IPHONEOS_DEPLOYMENT_TARGET = 15.0;
				MTL_ENABLE_DEBUG_INFO = NO;
				MTL_FAST_MATH = YES;
				SDKROOT = iphoneos;
				SWIFT_COMPILATION_MODE = wholemodule;
				SWIFT_OPTIMIZATION_LEVEL = "-O";
				VALIDATE_PRODUCT = YES;
			};
			name = Release;
		};
		5452BDEF27E12675001D6401 /* Debug */ = {
			isa = XCBuildConfiguration;
			buildSettings = {
				ASSETCATALOG_COMPILER_APPICON_NAME = AppIcon;
				ASSETCATALOG_COMPILER_GLOBAL_ACCENT_COLOR_NAME = AccentColor;
				CODE_SIGN_IDENTITY = "Apple Development";
				CODE_SIGN_STYLE = Automatic;
				CURRENT_PROJECT_VERSION = 1;
				DEVELOPMENT_TEAM = N9UTTLR2F7;
				GENERATE_INFOPLIST_FILE = YES;
				INFOPLIST_FILE = "Book Searcher/Resources/Info.plist";
				INFOPLIST_KEY_CFBundleDisplayName = "Book Searcher";
				INFOPLIST_KEY_UIApplicationSupportsIndirectInputEvents = YES;
				INFOPLIST_KEY_UILaunchStoryboardName = LaunchScreen;
				INFOPLIST_KEY_UIMainStoryboardFile = Main;
				INFOPLIST_KEY_UISupportedInterfaceOrientations = UIInterfaceOrientationPortrait;
				INFOPLIST_KEY_UISupportedInterfaceOrientations_iPad = "UIInterfaceOrientationPortrait UIInterfaceOrientationPortraitUpsideDown UIInterfaceOrientationLandscapeLeft UIInterfaceOrientationLandscapeRight";
				INFOPLIST_KEY_UISupportedInterfaceOrientations_iPhone = "UIInterfaceOrientationPortrait UIInterfaceOrientationLandscapeLeft UIInterfaceOrientationLandscapeRight";
				IPHONEOS_DEPLOYMENT_TARGET = 13.0;
				LD_RUNPATH_SEARCH_PATHS = (
					"$(inherited)",
					"@executable_path/Frameworks",
				);
				MARKETING_VERSION = 1.0;
				PRODUCT_BUNDLE_IDENTIFIER = "com.ganyev.Book-Searcher";
				PRODUCT_NAME = "$(TARGET_NAME)";
				PROVISIONING_PROFILE_SPECIFIER = "";
				SWIFT_EMIT_LOC_STRINGS = YES;
				SWIFT_VERSION = 5.0;
				TARGETED_DEVICE_FAMILY = "1,2";
			};
			name = Debug;
		};
		5452BDF027E12675001D6401 /* Release */ = {
			isa = XCBuildConfiguration;
			buildSettings = {
				ASSETCATALOG_COMPILER_APPICON_NAME = AppIcon;
				ASSETCATALOG_COMPILER_GLOBAL_ACCENT_COLOR_NAME = AccentColor;
				CODE_SIGN_IDENTITY = "Apple Development";
				CODE_SIGN_STYLE = Automatic;
				CURRENT_PROJECT_VERSION = 1;
				DEVELOPMENT_TEAM = N9UTTLR2F7;
				GENERATE_INFOPLIST_FILE = YES;
				INFOPLIST_FILE = "Book Searcher/Resources/Info.plist";
				INFOPLIST_KEY_CFBundleDisplayName = "Book Searcher";
				INFOPLIST_KEY_UIApplicationSupportsIndirectInputEvents = YES;
				INFOPLIST_KEY_UILaunchStoryboardName = LaunchScreen;
				INFOPLIST_KEY_UIMainStoryboardFile = Main;
				INFOPLIST_KEY_UISupportedInterfaceOrientations = UIInterfaceOrientationPortrait;
				INFOPLIST_KEY_UISupportedInterfaceOrientations_iPad = "UIInterfaceOrientationPortrait UIInterfaceOrientationPortraitUpsideDown UIInterfaceOrientationLandscapeLeft UIInterfaceOrientationLandscapeRight";
				INFOPLIST_KEY_UISupportedInterfaceOrientations_iPhone = "UIInterfaceOrientationPortrait UIInterfaceOrientationLandscapeLeft UIInterfaceOrientationLandscapeRight";
				IPHONEOS_DEPLOYMENT_TARGET = 13.0;
				LD_RUNPATH_SEARCH_PATHS = (
					"$(inherited)",
					"@executable_path/Frameworks",
				);
				MARKETING_VERSION = 1.0;
				PRODUCT_BUNDLE_IDENTIFIER = "com.ganyev.Book-Searcher";
				PRODUCT_NAME = "$(TARGET_NAME)";
				PROVISIONING_PROFILE_SPECIFIER = "";
				SWIFT_EMIT_LOC_STRINGS = YES;
				SWIFT_VERSION = 5.0;
				TARGETED_DEVICE_FAMILY = "1,2";
			};
			name = Release;
		};
		5452BDF227E12675001D6401 /* Debug */ = {
			isa = XCBuildConfiguration;
			buildSettings = {
				ALWAYS_EMBED_SWIFT_STANDARD_LIBRARIES = YES;
				BUNDLE_LOADER = "$(TEST_HOST)";
				CODE_SIGN_STYLE = Automatic;
				CURRENT_PROJECT_VERSION = 1;
				DEVELOPMENT_TEAM = 5M67MJNW4M;
				GENERATE_INFOPLIST_FILE = YES;
				IPHONEOS_DEPLOYMENT_TARGET = 15.0;
				LD_RUNPATH_SEARCH_PATHS = (
					"$(inherited)",
					"@executable_path/Frameworks",
					"@loader_path/Frameworks",
				);
				MARKETING_VERSION = 1.0;
				PRODUCT_BUNDLE_IDENTIFIER = "com.ganyev.Book-SearcherTests";
				PRODUCT_NAME = "$(TARGET_NAME)";
				SWIFT_EMIT_LOC_STRINGS = NO;
				SWIFT_VERSION = 5.0;
				TARGETED_DEVICE_FAMILY = "1,2";
				TEST_HOST = "$(BUILT_PRODUCTS_DIR)/Book Searcher.app/Book Searcher";
			};
			name = Debug;
		};
		5452BDF327E12675001D6401 /* Release */ = {
			isa = XCBuildConfiguration;
			buildSettings = {
				ALWAYS_EMBED_SWIFT_STANDARD_LIBRARIES = YES;
				BUNDLE_LOADER = "$(TEST_HOST)";
				CODE_SIGN_STYLE = Automatic;
				CURRENT_PROJECT_VERSION = 1;
				DEVELOPMENT_TEAM = 5M67MJNW4M;
				GENERATE_INFOPLIST_FILE = YES;
				IPHONEOS_DEPLOYMENT_TARGET = 15.0;
				LD_RUNPATH_SEARCH_PATHS = (
					"$(inherited)",
					"@executable_path/Frameworks",
					"@loader_path/Frameworks",
				);
				MARKETING_VERSION = 1.0;
				PRODUCT_BUNDLE_IDENTIFIER = "com.ganyev.Book-SearcherTests";
				PRODUCT_NAME = "$(TARGET_NAME)";
				SWIFT_EMIT_LOC_STRINGS = NO;
				SWIFT_VERSION = 5.0;
				TARGETED_DEVICE_FAMILY = "1,2";
				TEST_HOST = "$(BUILT_PRODUCTS_DIR)/Book Searcher.app/Book Searcher";
			};
			name = Release;
		};
		5452BDF527E12675001D6401 /* Debug */ = {
			isa = XCBuildConfiguration;
			buildSettings = {
				ALWAYS_EMBED_SWIFT_STANDARD_LIBRARIES = YES;
				CODE_SIGN_STYLE = Automatic;
				CURRENT_PROJECT_VERSION = 1;
				DEVELOPMENT_TEAM = 5M67MJNW4M;
				GENERATE_INFOPLIST_FILE = YES;
				LD_RUNPATH_SEARCH_PATHS = (
					"$(inherited)",
					"@executable_path/Frameworks",
					"@loader_path/Frameworks",
				);
				MARKETING_VERSION = 1.0;
				PRODUCT_BUNDLE_IDENTIFIER = "com.ganyev.Book-SearcherUITests";
				PRODUCT_NAME = "$(TARGET_NAME)";
				SWIFT_EMIT_LOC_STRINGS = NO;
				SWIFT_VERSION = 5.0;
				TARGETED_DEVICE_FAMILY = "1,2";
				TEST_TARGET_NAME = "Book Searcher";
			};
			name = Debug;
		};
		5452BDF627E12675001D6401 /* Release */ = {
			isa = XCBuildConfiguration;
			buildSettings = {
				ALWAYS_EMBED_SWIFT_STANDARD_LIBRARIES = YES;
				CODE_SIGN_STYLE = Automatic;
				CURRENT_PROJECT_VERSION = 1;
				DEVELOPMENT_TEAM = 5M67MJNW4M;
				GENERATE_INFOPLIST_FILE = YES;
				LD_RUNPATH_SEARCH_PATHS = (
					"$(inherited)",
					"@executable_path/Frameworks",
					"@loader_path/Frameworks",
				);
				MARKETING_VERSION = 1.0;
				PRODUCT_BUNDLE_IDENTIFIER = "com.ganyev.Book-SearcherUITests";
				PRODUCT_NAME = "$(TARGET_NAME)";
				SWIFT_EMIT_LOC_STRINGS = NO;
				SWIFT_VERSION = 5.0;
				TARGETED_DEVICE_FAMILY = "1,2";
				TEST_TARGET_NAME = "Book Searcher";
			};
			name = Release;
		};
/* End XCBuildConfiguration section */

/* Begin XCConfigurationList section */
		5452BDBF27E12673001D6401 /* Build configuration list for PBXProject "Book Searcher" */ = {
			isa = XCConfigurationList;
			buildConfigurations = (
				5452BDEC27E12675001D6401 /* Debug */,
				5452BDED27E12675001D6401 /* Release */,
			);
			defaultConfigurationIsVisible = 0;
			defaultConfigurationName = Release;
		};
		5452BDEE27E12675001D6401 /* Build configuration list for PBXNativeTarget "Book Searcher" */ = {
			isa = XCConfigurationList;
			buildConfigurations = (
				5452BDEF27E12675001D6401 /* Debug */,
				5452BDF027E12675001D6401 /* Release */,
			);
			defaultConfigurationIsVisible = 0;
			defaultConfigurationName = Release;
		};
		5452BDF127E12675001D6401 /* Build configuration list for PBXNativeTarget "Book SearcherTests" */ = {
			isa = XCConfigurationList;
			buildConfigurations = (
				5452BDF227E12675001D6401 /* Debug */,
				5452BDF327E12675001D6401 /* Release */,
			);
			defaultConfigurationIsVisible = 0;
			defaultConfigurationName = Release;
		};
		5452BDF427E12675001D6401 /* Build configuration list for PBXNativeTarget "Book SearcherUITests" */ = {
			isa = XCConfigurationList;
			buildConfigurations = (
				5452BDF527E12675001D6401 /* Debug */,
				5452BDF627E12675001D6401 /* Release */,
			);
			defaultConfigurationIsVisible = 0;
			defaultConfigurationName = Release;
		};
/* End XCConfigurationList section */
	};
	rootObject = 5452BDBC27E12673001D6401 /* Project object */;
}
